
Microsoft Visual Studio Solution File, Format Version 12.00
# Visual Studio Version 17
VisualStudioVersion = 17.14.37111.16 d17.14
MinimumVisualStudioVersion = 10.0.40219.1
Project("{FAE04EC0-301F-11D3-BF4B-00C04F79EFBC}") = "Lab13", "Lab13\Lab13.csproj", "{C7195D27-BA8E-46FC-B098-DF004765B8DA}"
EndProject
Global
	GlobalSection(SolutionConfigurationPlatforms) = preSolution
		Debug|Any CPU = Debug|Any CPU
		Release|Any CPU = Release|Any CPU
	EndGlobalSection
	GlobalSection(ProjectConfigurationPlatforms) = postSolution
		{C7195D27-BA8E-46FC-B098-DF004765B8DA}.Debug|Any CPU.ActiveCfg = Debug|Any CPU
		{C7195D27-BA8E-46FC-B098-DF004765B8DA}.Debug|Any CPU.Build.0 = Debug|Any CPU
		{C7195D27-BA8E-46FC-B098-DF004765B8DA}.Release|Any CPU.ActiveCfg = Release|Any CPU
		{C7195D27-BA8E-46FC-B098-DF004765B8DA}.Release|Any CPU.Build.0 = Release|Any CPU
	EndGlobalSection
	GlobalSection(SolutionProperties) = preSolution
		HideSolutionNode = FALSE
	EndGlobalSection
	GlobalSection(ExtensibilityGlobals) = postSolution
		SolutionGuid = {3E1A8AB4-E667-4F2C-98FD-458B202B444F}
	EndGlobalSection
EndGlobal
